// !$*UTF8*$!
{
	archiveVersion = 1;
	classes = {
	};
	objectVersion = 56;
	objects = {

/* Begin PBXBuildFile section */
		281A43F229488F2A00761290 /* JourneyBuilderApp.swift in Sources */ = {isa = PBXBuildFile; fileRef = 281A43F129488F2A00761290 /* JourneyBuilderApp.swift */; };
		281A43F429488F2A00761290 /* ContentView.swift in Sources */ = {isa = PBXBuildFile; fileRef = 281A43F329488F2A00761290 /* ContentView.swift */; };
		281A43F629488F2A00761290 /* Assets.xcassets in Resources */ = {isa = PBXBuildFile; fileRef = 281A43F529488F2A00761290 /* Assets.xcassets */; };
		281A43F929488F2A00761290 /* Preview Assets.xcassets in Resources */ = {isa = PBXBuildFile; fileRef = 281A43F829488F2A00761290 /* Preview Assets.xcassets */; };
		281A440029488F4900761290 /* Model.swift in Sources */ = {isa = PBXBuildFile; fileRef = 281A43FF29488F4900761290 /* Model.swift */; };
		281A440329488FB900761290 /* OrderedCollections in Frameworks */ = {isa = PBXBuildFile; productRef = 281A440229488FB900761290 /* OrderedCollections */; };
		281A44052948953000761290 /* JourneyBuilder.swift in Sources */ = {isa = PBXBuildFile; fileRef = 281A44042948953000761290 /* JourneyBuilder.swift */; };
		281A44072948953C00761290 /* TopicBuilder.swift in Sources */ = {isa = PBXBuildFile; fileRef = 281A44062948953C00761290 /* TopicBuilder.swift */; };
		281A44092948A2A600761290 /* TabNavigationView.swift in Sources */ = {isa = PBXBuildFile; fileRef = 281A44082948A2A600761290 /* TabNavigationView.swift */; };
		281A440B2948A2CE00761290 /* CourseSignUpView.swift in Sources */ = {isa = PBXBuildFile; fileRef = 281A440A2948A2CE00761290 /* CourseSignUpView.swift */; };
		281A440D2948FB2500761290 /* TopicCreationView.swift in Sources */ = {isa = PBXBuildFile; fileRef = 281A440C2948FB2500761290 /* TopicCreationView.swift */; };
		281A440F2948FB3300761290 /* TopicCreationViewModel.swift in Sources */ = {isa = PBXBuildFile; fileRef = 281A440E2948FB3300761290 /* TopicCreationViewModel.swift */; };
		281A4412294903FF00761290 /* NodeOutlineGroup.swift in Sources */ = {isa = PBXBuildFile; fileRef = 281A4411294903FF00761290 /* NodeOutlineGroup.swift */; };
		281A44142949061000761290 /* RadioButtonView.swift in Sources */ = {isa = PBXBuildFile; fileRef = 281A44132949061000761290 /* RadioButtonView.swift */; };
		281A4418294912CE00761290 /* SignUpSheetViewModel.swift in Sources */ = {isa = PBXBuildFile; fileRef = 281A4417294912CE00761290 /* SignUpSheetViewModel.swift */; };
/* End PBXBuildFile section */

/* Begin PBXFileReference section */
		281A43EE29488F2A00761290 /* JourneyBuilder.app */ = {isa = PBXFileReference; explicitFileType = wrapper.application; includeInIndex = 0; path = JourneyBuilder.app; sourceTree = BUILT_PRODUCTS_DIR; };
		281A43F129488F2A00761290 /* JourneyBuilderApp.swift */ = {isa = PBXFileReference; lastKnownFileType = sourcecode.swift; path = JourneyBuilderApp.swift; sourceTree = "<group>"; };
		281A43F329488F2A00761290 /* ContentView.swift */ = {isa = PBXFileReference; lastKnownFileType = sourcecode.swift; path = ContentView.swift; sourceTree = "<group>"; };
		281A43F529488F2A00761290 /* Assets.xcassets */ = {isa = PBXFileReference; lastKnownFileType = folder.assetcatalog; path = Assets.xcassets; sourceTree = "<group>"; };
		281A43F829488F2A00761290 /* Preview Assets.xcassets */ = {isa = PBXFileReference; lastKnownFileType = folder.assetcatalog; path = "Preview Assets.xcassets"; sourceTree = "<group>"; };
		281A43FF29488F4900761290 /* Model.swift */ = {isa = PBXFileReference; lastKnownFileType = sourcecode.swift; path = Model.swift; sourceTree = "<group>"; };
		281A44042948953000761290 /* JourneyBuilder.swift */ = {isa = PBXFileReference; lastKnownFileType = sourcecode.swift; path = JourneyBuilder.swift; sourceTree = "<group>"; };
		281A44062948953C00761290 /* TopicBuilder.swift */ = {isa = PBXFileReference; lastKnownFileType = sourcecode.swift; path = TopicBuilder.swift; sourceTree = "<group>"; };
		281A44082948A2A600761290 /* TabNavigationView.swift */ = {isa = PBXFileReference; lastKnownFileType = sourcecode.swift; path = TabNavigationView.swift; sourceTree = "<group>"; };
		281A440A2948A2CE00761290 /* CourseSignUpView.swift */ = {isa = PBXFileReference; lastKnownFileType = sourcecode.swift; path = CourseSignUpView.swift; sourceTree = "<group>"; };
		281A440C2948FB2500761290 /* TopicCreationView.swift */ = {isa = PBXFileReference; lastKnownFileType = sourcecode.swift; path = TopicCreationView.swift; sourceTree = "<group>"; };
		281A440E2948FB3300761290 /* TopicCreationViewModel.swift */ = {isa = PBXFileReference; lastKnownFileType = sourcecode.swift; path = TopicCreationViewModel.swift; sourceTree = "<group>"; };
		281A4411294903FF00761290 /* NodeOutlineGroup.swift */ = {isa = PBXFileReference; lastKnownFileType = sourcecode.swift; path = NodeOutlineGroup.swift; sourceTree = "<group>"; };
		281A44132949061000761290 /* RadioButtonView.swift */ = {isa = PBXFileReference; lastKnownFileType = sourcecode.swift; path = RadioButtonView.swift; sourceTree = "<group>"; };
		281A4417294912CE00761290 /* SignUpSheetViewModel.swift */ = {isa = PBXFileReference; lastKnownFileType = sourcecode.swift; path = SignUpSheetViewModel.swift; sourceTree = "<group>"; };
/* End PBXFileReference section */

/* Begin PBXFrameworksBuildPhase section */
		281A43EB29488F2A00761290 /* Frameworks */ = {
			isa = PBXFrameworksBuildPhase;
			buildActionMask = 2147483647;
			files = (
				281A440329488FB900761290 /* OrderedCollections in Frameworks */,
			);
			runOnlyForDeploymentPostprocessing = 0;
		};
/* End PBXFrameworksBuildPhase section */

/* Begin PBXGroup section */
		281A43E529488F2A00761290 = {
			isa = PBXGroup;
			children = (
				281A43F029488F2A00761290 /* JourneyBuilder */,
				281A43EF29488F2A00761290 /* Products */,
			);
			sourceTree = "<group>";
		};
		281A43EF29488F2A00761290 /* Products */ = {
			isa = PBXGroup;
			children = (
				281A43EE29488F2A00761290 /* JourneyBuilder.app */,
			);
			name = Products;
			sourceTree = "<group>";
		};
		281A43F029488F2A00761290 /* JourneyBuilder */ = {
			isa = PBXGroup;
			children = (
				281A43F129488F2A00761290 /* JourneyBuilderApp.swift */,
				281A44082948A2A600761290 /* TabNavigationView.swift */,
				281A43F329488F2A00761290 /* ContentView.swift */,
				281A44042948953000761290 /* JourneyBuilder.swift */,
				281A44062948953C00761290 /* TopicBuilder.swift */,
				281A43FF29488F4900761290 /* Model.swift */,
				281A4411294903FF00761290 /* NodeOutlineGroup.swift */,
				281A44132949061000761290 /* RadioButtonView.swift */,
				281A441A294912DA00761290 /* CourseSignUp */,
				281A44102948FB3B00761290 /* TopicCreation */,
				281A43F529488F2A00761290 /* Assets.xcassets */,
				281A43F729488F2A00761290 /* Preview Content */,
			);
			path = JourneyBuilder;
			sourceTree = "<group>";
		};
		281A43F729488F2A00761290 /* Preview Content */ = {
			isa = PBXGroup;
			children = (
				281A43F829488F2A00761290 /* Preview Assets.xcassets */,
			);
			path = "Preview Content";
			sourceTree = "<group>";
		};
		281A44102948FB3B00761290 /* TopicCreation */ = {
			isa = PBXGroup;
			children = (
				281A440C2948FB2500761290 /* TopicCreationView.swift */,
				281A440E2948FB3300761290 /* TopicCreationViewModel.swift */,
			);
			path = TopicCreation;
			sourceTree = "<group>";
		};
		281A441A294912DA00761290 /* CourseSignUp */ = {
			isa = PBXGroup;
			children = (
				281A440A2948A2CE00761290 /* CourseSignUpView.swift */,
				281A4417294912CE00761290 /* SignUpSheetViewModel.swift */,
			);
			path = CourseSignUp;
			sourceTree = "<group>";
		};
/* End PBXGroup section */

/* Begin PBXNativeTarget section */
		281A43ED29488F2A00761290 /* JourneyBuilder */ = {
			isa = PBXNativeTarget;
			buildConfigurationList = 281A43FC29488F2A00761290 /* Build configuration list for PBXNativeTarget "JourneyBuilder" */;
			buildPhases = (
				281A43EA29488F2A00761290 /* Sources */,
				281A43EB29488F2A00761290 /* Frameworks */,
				281A43EC29488F2A00761290 /* Resources */,
			);
			buildRules = (
			);
			dependencies = (
			);
			name = JourneyBuilder;
			packageProductDependencies = (
				281A440229488FB900761290 /* OrderedCollections */,
			);
			productName = JourneyBuilder;
			productReference = 281A43EE29488F2A00761290 /* JourneyBuilder.app */;
			productType = "com.apple.product-type.application";
		};
/* End PBXNativeTarget section */

/* Begin PBXProject section */
		281A43E629488F2A00761290 /* Project object */ = {
			isa = PBXProject;
			attributes = {
				BuildIndependentTargetsInParallel = 1;
				LastSwiftUpdateCheck = 1410;
				LastUpgradeCheck = 1410;
				TargetAttributes = {
					281A43ED29488F2A00761290 = {
						CreatedOnToolsVersion = 14.1;
					};
				};
			};
			buildConfigurationList = 281A43E929488F2A00761290 /* Build configuration list for PBXProject "JourneyBuilder" */;
			compatibilityVersion = "Xcode 14.0";
			developmentRegion = en;
			hasScannedForEncodings = 0;
			knownRegions = (
				en,
				Base,
			);
			mainGroup = 281A43E529488F2A00761290;
			packageReferences = (
				281A440129488FB900761290 /* XCRemoteSwiftPackageReference "swift-collections" */,
			);
			productRefGroup = 281A43EF29488F2A00761290 /* Products */;
			projectDirPath = "";
			projectRoot = "";
			targets = (
				281A43ED29488F2A00761290 /* JourneyBuilder */,
			);
		};
/* End PBXProject section */

/* Begin PBXResourcesBuildPhase section */
		281A43EC29488F2A00761290 /* Resources */ = {
			isa = PBXResourcesBuildPhase;
			buildActionMask = 2147483647;
			files = (
				281A43F929488F2A00761290 /* Preview Assets.xcassets in Resources */,
				281A43F629488F2A00761290 /* Assets.xcassets in Resources */,
			);
			runOnlyForDeploymentPostprocessing = 0;
		};
/* End PBXResourcesBuildPhase section */

/* Begin PBXSourcesBuildPhase section */
		281A43EA29488F2A00761290 /* Sources */ = {
			isa = PBXSourcesBuildPhase;
			buildActionMask = 2147483647;
			files = (
				281A440F2948FB3300761290 /* TopicCreationViewModel.swift in Sources */,
				281A4418294912CE00761290 /* SignUpSheetViewModel.swift in Sources */,
				281A440029488F4900761290 /* Model.swift in Sources */,
				281A440D2948FB2500761290 /* TopicCreationView.swift in Sources */,
				281A43F429488F2A00761290 /* ContentView.swift in Sources */,
				281A44092948A2A600761290 /* TabNavigationView.swift in Sources */,
				281A44072948953C00761290 /* TopicBuilder.swift in Sources */,
				281A4412294903FF00761290 /* NodeOutlineGroup.swift in Sources */,
				281A440B2948A2CE00761290 /* CourseSignUpView.swift in Sources */,
				281A44052948953000761290 /* JourneyBuilder.swift in Sources */,
				281A44142949061000761290 /* RadioButtonView.swift in Sources */,
				281A43F229488F2A00761290 /* JourneyBuilderApp.swift in Sources */,
			);
			runOnlyForDeploymentPostprocessing = 0;
		};
/* End PBXSourcesBuildPhase section */

/* Begin XCBuildConfiguration section */
		281A43FA29488F2A00761290 /* Debug */ = {
			isa = XCBuildConfiguration;
			buildSettings = {
				ALWAYS_SEARCH_USER_PATHS = NO;
				CLANG_ANALYZER_NONNULL = YES;
				CLANG_ANALYZER_NUMBER_OBJECT_CONVERSION = YES_AGGRESSIVE;
				CLANG_CXX_LANGUAGE_STANDARD = "gnu++20";
				CLANG_ENABLE_MODULES = YES;
				CLANG_ENABLE_OBJC_ARC = YES;
				CLANG_ENABLE_OBJC_WEAK = YES;
				CLANG_WARN_BLOCK_CAPTURE_AUTORELEASING = YES;
				CLANG_WARN_BOOL_CONVERSION = YES;
				CLANG_WARN_COMMA = YES;
				CLANG_WARN_CONSTANT_CONVERSION = YES;
				CLANG_WARN_DEPRECATED_OBJC_IMPLEMENTATIONS = YES;
				CLANG_WARN_DIRECT_OBJC_ISA_USAGE = YES_ERROR;
				CLANG_WARN_DOCUMENTATION_COMMENTS = YES;
				CLANG_WARN_EMPTY_BODY = YES;
				CLANG_WARN_ENUM_CONVERSION = YES;
				CLANG_WARN_INFINITE_RECURSION = YES;
				CLANG_WARN_INT_CONVERSION = YES;
				CLANG_WARN_NON_LITERAL_NULL_CONVERSION = YES;
				CLANG_WARN_OBJC_IMPLICIT_RETAIN_SELF = YES;
				CLANG_WARN_OBJC_LITERAL_CONVERSION = YES;
				CLANG_WARN_OBJC_ROOT_CLASS = YES_ERROR;
				CLANG_WARN_QUOTED_INCLUDE_IN_FRAMEWORK_HEADER = YES;
				CLANG_WARN_RANGE_LOOP_ANALYSIS = YES;
				CLANG_WARN_STRICT_PROTOTYPES = YES;
				CLANG_WARN_SUSPICIOUS_MOVE = YES;
				CLANG_WARN_UNGUARDED_AVAILABILITY = YES_AGGRESSIVE;
				CLANG_WARN_UNREACHABLE_CODE = YES;
				CLANG_WARN__DUPLICATE_METHOD_MATCH = YES;
				COPY_PHASE_STRIP = NO;
				DEBUG_INFORMATION_FORMAT = dwarf;
				ENABLE_STRICT_OBJC_MSGSEND = YES;
				ENABLE_TESTABILITY = YES;
				GCC_C_LANGUAGE_STANDARD = gnu11;
				GCC_DYNAMIC_NO_PIC = NO;
				GCC_NO_COMMON_BLOCKS = YES;
				GCC_OPTIMIZATION_LEVEL = 0;
				GCC_PREPROCESSOR_DEFINITIONS = (
					"DEBUG=1",
					"$(inherited)",
				);
				GCC_WARN_64_TO_32_BIT_CONVERSION = YES;
				GCC_WARN_ABOUT_RETURN_TYPE = YES_ERROR;
				GCC_WARN_UNDECLARED_SELECTOR = YES;
				GCC_WARN_UNINITIALIZED_AUTOS = YES_AGGRESSIVE;
				GCC_WARN_UNUSED_FUNCTION = YES;
				GCC_WARN_UNUSED_VARIABLE = YES;
				IPHONEOS_DEPLOYMENT_TARGET = 16.1;
				MTL_ENABLE_DEBUG_INFO = INCLUDE_SOURCE;
				MTL_FAST_MATH = YES;
				ONLY_ACTIVE_ARCH = YES;
				SDKROOT = iphoneos;
				SWIFT_ACTIVE_COMPILATION_CONDITIONS = DEBUG;
				SWIFT_OPTIMIZATION_LEVEL = "-Onone";
			};
			name = Debug;
		};
		281A43FB29488F2A00761290 /* Release */ = {
			isa = XCBuildConfiguration;
			buildSettings = {
				ALWAYS_SEARCH_USER_PATHS = NO;
				CLANG_ANALYZER_NONNULL = YES;
				CLANG_ANALYZER_NUMBER_OBJECT_CONVERSION = YES_AGGRESSIVE;
				CLANG_CXX_LANGUAGE_STANDARD = "gnu++20";
				CLANG_ENABLE_MODULES = YES;
				CLANG_ENABLE_OBJC_ARC = YES;
				CLANG_ENABLE_OBJC_WEAK = YES;
				CLANG_WARN_BLOCK_CAPTURE_AUTORELEASING = YES;
				CLANG_WARN_BOOL_CONVERSION = YES;
				CLANG_WARN_COMMA = YES;
				CLANG_WARN_CONSTANT_CONVERSION = YES;
				CLANG_WARN_DEPRECATED_OBJC_IMPLEMENTATIONS = YES;
				CLANG_WARN_DIRECT_OBJC_ISA_USAGE = YES_ERROR;
				CLANG_WARN_DOCUMENTATION_COMMENTS = YES;
				CLANG_WARN_EMPTY_BODY = YES;
				CLANG_WARN_ENUM_CONVERSION = YES;
				CLANG_WARN_INFINITE_RECURSION = YES;
				CLANG_WARN_INT_CONVERSION = YES;
				CLANG_WARN_NON_LITERAL_NULL_CONVERSION = YES;
				CLANG_WARN_OBJC_IMPLICIT_RETAIN_SELF = YES;
				CLANG_WARN_OBJC_LITERAL_CONVERSION = YES;
				CLANG_WARN_OBJC_ROOT_CLASS = YES_ERROR;
				CLANG_WARN_QUOTED_INCLUDE_IN_FRAMEWORK_HEADER = YES;
				CLANG_WARN_RANGE_LOOP_ANALYSIS = YES;
				CLANG_WARN_STRICT_PROTOTYPES = YES;
				CLANG_WARN_SUSPICIOUS_MOVE = YES;
				CLANG_WARN_UNGUARDED_AVAILABILITY = YES_AGGRESSIVE;
				CLANG_WARN_UNREACHABLE_CODE = YES;
				CLANG_WARN__DUPLICATE_METHOD_MATCH = YES;
				COPY_PHASE_STRIP = NO;
				DEBUG_INFORMATION_FORMAT = "dwarf-with-dsym";
				ENABLE_NS_ASSERTIONS = NO;
				ENABLE_STRICT_OBJC_MSGSEND = YES;
				GCC_C_LANGUAGE_STANDARD = gnu11;
				GCC_NO_COMMON_BLOCKS = YES;
				GCC_WARN_64_TO_32_BIT_CONVERSION = YES;
				GCC_WARN_ABOUT_RETURN_TYPE = YES_ERROR;
				GCC_WARN_UNDECLARED_SELECTOR = YES;
				GCC_WARN_UNINITIALIZED_AUTOS = YES_AGGRESSIVE;
				GCC_WARN_UNUSED_FUNCTION = YES;
				GCC_WARN_UNUSED_VARIABLE = YES;
				IPHONEOS_DEPLOYMENT_TARGET = 16.1;
				MTL_ENABLE_DEBUG_INFO = NO;
				MTL_FAST_MATH = YES;
				SDKROOT = iphoneos;
				SWIFT_COMPILATION_MODE = wholemodule;
				SWIFT_OPTIMIZATION_LEVEL = "-O";
				VALIDATE_PRODUCT = YES;
			};
			name = Release;
		};
		281A43FD29488F2A00761290 /* Debug */ = {
			isa = XCBuildConfiguration;
			buildSettings = {
				ASSETCATALOG_COMPILER_APPICON_NAME = AppIcon;
				ASSETCATALOG_COMPILER_GLOBAL_ACCENT_COLOR_NAME = AccentColor;
				CODE_SIGN_STYLE = Automatic;
				CURRENT_PROJECT_VERSION = 1;
				DEVELOPMENT_ASSET_PATHS = "\"JourneyBuilder/Preview Content\"";
				DEVELOPMENT_TEAM = 73FBSZ4D94;
				ENABLE_PREVIEWS = YES;
				GENERATE_INFOPLIST_FILE = YES;
				INFOPLIST_KEY_UIApplicationSceneManifest_Generation = YES;
				INFOPLIST_KEY_UIApplicationSupportsIndirectInputEvents = YES;
				INFOPLIST_KEY_UILaunchScreen_Generation = YES;
				INFOPLIST_KEY_UISupportedInterfaceOrientations_iPad = "UIInterfaceOrientationPortrait UIInterfaceOrientationPortraitUpsideDown UIInterfaceOrientationLandscapeLeft UIInterfaceOrientationLandscapeRight";
				INFOPLIST_KEY_UISupportedInterfaceOrientations_iPhone = "UIInterfaceOrientationPortrait UIInterfaceOrientationLandscapeLeft UIInterfaceOrientationLandscapeRight";
				LD_RUNPATH_SEARCH_PATHS = (
					"$(inherited)",
					"@executable_path/Frameworks",
				);
				MARKETING_VERSION = 1.0;
				PRODUCT_BUNDLE_IDENTIFIER = de.jakobkoerber.JourneyBuilder;
				PRODUCT_NAME = "$(TARGET_NAME)";
				SWIFT_EMIT_LOC_STRINGS = YES;
				SWIFT_VERSION = 5.0;
				TARGETED_DEVICE_FAMILY = "1,2";
			};
			name = Debug;
		};
		281A43FE29488F2A00761290 /* Release */ = {
			isa = XCBuildConfiguration;
			buildSettings = {
				ASSETCATALOG_COMPILER_APPICON_NAME = AppIcon;
				ASSETCATALOG_COMPILER_GLOBAL_ACCENT_COLOR_NAME = AccentColor;
				CODE_SIGN_STYLE = Automatic;
				CURRENT_PROJECT_VERSION = 1;
				DEVELOPMENT_ASSET_PATHS = "\"JourneyBuilder/Preview Content\"";
				DEVELOPMENT_TEAM = 73FBSZ4D94;
				ENABLE_PREVIEWS = YES;
				GENERATE_INFOPLIST_FILE = YES;
				INFOPLIST_KEY_UIApplicationSceneManifest_Generation = YES;
				INFOPLIST_KEY_UIApplicationSupportsIndirectInputEvents = YES;
				INFOPLIST_KEY_UILaunchScreen_Generation = YES;
				INFOPLIST_KEY_UISupportedInterfaceOrientations_iPad = "UIInterfaceOrientationPortrait UIInterfaceOrientationPortraitUpsideDown UIInterfaceOrientationLandscapeLeft UIInterfaceOrientationLandscapeRight";
				INFOPLIST_KEY_UISupportedInterfaceOrientations_iPhone = "UIInterfaceOrientationPortrait UIInterfaceOrientationLandscapeLeft UIInterfaceOrientationLandscapeRight";
				LD_RUNPATH_SEARCH_PATHS = (
					"$(inherited)",
					"@executable_path/Frameworks",
				);
				MARKETING_VERSION = 1.0;
				PRODUCT_BUNDLE_IDENTIFIER = de.jakobkoerber.JourneyBuilder;
				PRODUCT_NAME = "$(TARGET_NAME)";
				SWIFT_EMIT_LOC_STRINGS = YES;
				SWIFT_VERSION = 5.0;
				TARGETED_DEVICE_FAMILY = "1,2";
			};
			name = Release;
		};
/* End XCBuildConfiguration section */

/* Begin XCConfigurationList section */
		281A43E929488F2A00761290 /* Build configuration list for PBXProject "JourneyBuilder" */ = {
			isa = XCConfigurationList;
			buildConfigurations = (
				281A43FA29488F2A00761290 /* Debug */,
				281A43FB29488F2A00761290 /* Release */,
			);
			defaultConfigurationIsVisible = 0;
			defaultConfigurationName = Release;
		};
		281A43FC29488F2A00761290 /* Build configuration list for PBXNativeTarget "JourneyBuilder" */ = {
			isa = XCConfigurationList;
			buildConfigurations = (
				281A43FD29488F2A00761290 /* Debug */,
				281A43FE29488F2A00761290 /* Release */,
			);
			defaultConfigurationIsVisible = 0;
			defaultConfigurationName = Release;
		};
/* End XCConfigurationList section */

/* Begin XCRemoteSwiftPackageReference section */
		281A440129488FB900761290 /* XCRemoteSwiftPackageReference "swift-collections" */ = {
			isa = XCRemoteSwiftPackageReference;
			repositoryURL = "https://github.com/apple/swift-collections.git";
			requirement = {
				kind = upToNextMajorVersion;
				minimumVersion = 1.0.0;
			};
		};
/* End XCRemoteSwiftPackageReference section */

/* Begin XCSwiftPackageProductDependency section */
		281A440229488FB900761290 /* OrderedCollections */ = {
			isa = XCSwiftPackageProductDependency;
			package = 281A440129488FB900761290 /* XCRemoteSwiftPackageReference "swift-collections" */;
			productName = OrderedCollections;
		};
/* End XCSwiftPackageProductDependency section */
	};
	rootObject = 281A43E629488F2A00761290 /* Project object */;
}
